// !$*UTF8*$!
{
	archiveVersion = 1;
	classes = {
	};
	objectVersion = 46;
	objects = {

/* Begin PBXBuildFile section */
		C618EF6518CCEBDE00B15080 /* Foundation.framework in Frameworks */ = {isa = PBXBuildFile; fileRef = C618EF6418CCEBDE00B15080 /* Foundation.framework */; };
		C618EF6718CCEBDE00B15080 /* CoreGraphics.framework in Frameworks */ = {isa = PBXBuildFile; fileRef = C618EF6618CCEBDE00B15080 /* CoreGraphics.framework */; };
		C618EF6918CCEBDE00B15080 /* UIKit.framework in Frameworks */ = {isa = PBXBuildFile; fileRef = C618EF6818CCEBDE00B15080 /* UIKit.framework */; };
		C618EF6F18CCEBDE00B15080 /* InfoPlist.strings in Resources */ = {isa = PBXBuildFile; fileRef = C618EF6D18CCEBDE00B15080 /* InfoPlist.strings */; };
		C618EF7118CCEBDE00B15080 /* main.m in Sources */ = {isa = PBXBuildFile; fileRef = C618EF7018CCEBDE00B15080 /* main.m */; };
		C618EF7518CCEBDE00B15080 /* AppDelegate.m in Sources */ = {isa = PBXBuildFile; fileRef = C618EF7418CCEBDE00B15080 /* AppDelegate.m */; };
		C618EF7818CCEBDE00B15080 /* Main_iPhone.storyboard in Resources */ = {isa = PBXBuildFile; fileRef = C618EF7618CCEBDE00B15080 /* Main_iPhone.storyboard */; };
		C618EF7B18CCEBDE00B15080 /* Main_iPad.storyboard in Resources */ = {isa = PBXBuildFile; fileRef = C618EF7918CCEBDE00B15080 /* Main_iPad.storyboard */; };
		C618EF7E18CCEBDE00B15080 /* ViewController.m in Sources */ = {isa = PBXBuildFile; fileRef = C618EF7D18CCEBDE00B15080 /* ViewController.m */; };
		C618EF8018CCEBDE00B15080 /* Images.xcassets in Resources */ = {isa = PBXBuildFile; fileRef = C618EF7F18CCEBDE00B15080 /* Images.xcassets */; };
		C618EF8718CCEBDE00B15080 /* XCTest.framework in Frameworks */ = {isa = PBXBuildFile; fileRef = C618EF8618CCEBDE00B15080 /* XCTest.framework */; };
		C618EF8818CCEBDE00B15080 /* Foundation.framework in Frameworks */ = {isa = PBXBuildFile; fileRef = C618EF6418CCEBDE00B15080 /* Foundation.framework */; };
		C618EF8918CCEBDE00B15080 /* UIKit.framework in Frameworks */ = {isa = PBXBuildFile; fileRef = C618EF6818CCEBDE00B15080 /* UIKit.framework */; };
		C618EF9118CCEBDE00B15080 /* InfoPlist.strings in Resources */ = {isa = PBXBuildFile; fileRef = C618EF8F18CCEBDE00B15080 /* InfoPlist.strings */; };
		C618EF9318CCEBDE00B15080 /* TestTests.m in Sources */ = {isa = PBXBuildFile; fileRef = C618EF9218CCEBDE00B15080 /* TestTests.m */; };
/* End PBXBuildFile section */

/* Begin PBXContainerItemProxy section */
		C618EF8A18CCEBDE00B15080 /* PBXContainerItemProxy */ = {
			isa = PBXContainerItemProxy;
			containerPortal = C618EF5918CCEBDE00B15080 /* Project object */;
			proxyType = 1;
			remoteGlobalIDString = C618EF6018CCEBDE00B15080;
			remoteInfo = Test;
		};
/* End PBXContainerItemProxy section */

/* Begin PBXFileReference section */
		C618EF6118CCEBDE00B15080 /* Test.app */ = {isa = PBXFileReference; explicitFileType = wrapper.application; includeInIndex = 0; path = Test.app; sourceTree = BUILT_PRODUCTS_DIR; };
		C618EF6418CCEBDE00B15080 /* Foundation.framework */ = {isa = PBXFileReference; lastKnownFileType = wrapper.framework; name = Foundation.framework; path = System/Library/Frameworks/Foundation.framework; sourceTree = SDKROOT; };
		C618EF6618CCEBDE00B15080 /* CoreGraphics.framework */ = {isa = PBXFileReference; lastKnownFileType = wrapper.framework; name = CoreGraphics.framework; path = System/Library/Frameworks/CoreGraphics.framework; sourceTree = SDKROOT; };
		C618EF6818CCEBDE00B15080 /* UIKit.framework */ = {isa = PBXFileReference; lastKnownFileType = wrapper.framework; name = UIKit.framework; path = System/Library/Frameworks/UIKit.framework; sourceTree = SDKROOT; };
		C618EF6C18CCEBDE00B15080 /* Test-Info.plist */ = {isa = PBXFileReference; lastKnownFileType = text.plist.xml; path = "Test-Info.plist"; sourceTree = "<group>"; };
		C618EF6E18CCEBDE00B15080 /* en */ = {isa = PBXFileReference; lastKnownFileType = text.plist.strings; name = en; path = en.lproj/InfoPlist.strings; sourceTree = "<group>"; };
		C618EF7018CCEBDE00B15080 /* main.m */ = {isa = PBXFileReference; lastKnownFileType = sourcecode.c.objc; path = main.m; sourceTree = "<group>"; };
		C618EF7218CCEBDE00B15080 /* Test-Prefix.pch */ = {isa = PBXFileReference; lastKnownFileType = sourcecode.c.h; path = "Test-Prefix.pch"; sourceTree = "<group>"; };
		C618EF7318CCEBDE00B15080 /* AppDelegate.h */ = {isa = PBXFileReference; lastKnownFileType = sourcecode.c.h; path = AppDelegate.h; sourceTree = "<group>"; };
		C618EF7418CCEBDE00B15080 /* AppDelegate.m */ = {isa = PBXFileReference; lastKnownFileType = sourcecode.c.objc; path = AppDelegate.m; sourceTree = "<group>"; };
		C618EF7718CCEBDE00B15080 /* Base */ = {isa = PBXFileReference; lastKnownFileType = file.storyboard; name = Base; path = Base.lproj/Main_iPhone.storyboard; sourceTree = "<group>"; };
		C618EF7A18CCEBDE00B15080 /* Base */ = {isa = PBXFileReference; lastKnownFileType = file.storyboard; name = Base; path = Base.lproj/Main_iPad.storyboard; sourceTree = "<group>"; };
		C618EF7C18CCEBDE00B15080 /* ViewController.h */ = {isa = PBXFileReference; lastKnownFileType = sourcecode.c.h; path = ViewController.h; sourceTree = "<group>"; };
		C618EF7D18CCEBDE00B15080 /* ViewController.m */ = {isa = PBXFileReference; lastKnownFileType = sourcecode.c.objc; path = ViewController.m; sourceTree = "<group>"; };
		C618EF7F18CCEBDE00B15080 /* Images.xcassets */ = {isa = PBXFileReference; lastKnownFileType = folder.assetcatalog; path = Images.xcassets; sourceTree = "<group>"; };
		C618EF8518CCEBDE00B15080 /* TestTests.xctest */ = {isa = PBXFileReference; explicitFileType = wrapper.cfbundle; includeInIndex = 0; path = TestTests.xctest; sourceTree = BUILT_PRODUCTS_DIR; };
		C618EF8618CCEBDE00B15080 /* XCTest.framework */ = {isa = PBXFileReference; lastKnownFileType = wrapper.framework; name = XCTest.framework; path = Library/Frameworks/XCTest.framework; sourceTree = DEVELOPER_DIR; };
		C618EF8E18CCEBDE00B15080 /* TestTests-Info.plist */ = {isa = PBXFileReference; lastKnownFileType = text.plist.xml; path = "TestTests-Info.plist"; sourceTree = "<group>"; };
		C618EF9018CCEBDE00B15080 /* en */ = {isa = PBXFileReference; lastKnownFileType = text.plist.strings; name = en; path = en.lproj/InfoPlist.strings; sourceTree = "<group>"; };
		C618EF9218CCEBDE00B15080 /* TestTests.m */ = {isa = PBXFileReference; lastKnownFileType = sourcecode.c.objc; path = TestTests.m; sourceTree = "<group>"; };
/* End PBXFileReference section */

/* Begin PBXFrameworksBuildPhase section */
		C618EF5E18CCEBDE00B15080 /* Frameworks */ = {
			isa = PBXFrameworksBuildPhase;
			buildActionMask = 2147483647;
			files = (
				C618EF6718CCEBDE00B15080 /* CoreGraphics.framework in Frameworks */,
				C618EF6918CCEBDE00B15080 /* UIKit.framework in Frameworks */,
				C618EF6518CCEBDE00B15080 /* Foundation.framework in Frameworks */,
			);
			runOnlyForDeploymentPostprocessing = 0;
		};
		C618EF8218CCEBDE00B15080 /* Frameworks */ = {
			isa = PBXFrameworksBuildPhase;
			buildActionMask = 2147483647;
			files = (
				C618EF8718CCEBDE00B15080 /* XCTest.framework in Frameworks */,
				C618EF8918CCEBDE00B15080 /* UIKit.framework in Frameworks */,
				C618EF8818CCEBDE00B15080 /* Foundation.framework in Frameworks */,
			);
			runOnlyForDeploymentPostprocessing = 0;
		};
/* End PBXFrameworksBuildPhase section */

/* Begin PBXGroup section */
		C618EF5818CCEBDE00B15080 = {
			isa = PBXGroup;
			children = (
				C618EF6A18CCEBDE00B15080 /* Test */,
				C618EF8C18CCEBDE00B15080 /* TestTests */,
				C618EF6318CCEBDE00B15080 /* Frameworks */,
				C618EF6218CCEBDE00B15080 /* Products */,
			);
			sourceTree = "<group>";
		};
		C618EF6218CCEBDE00B15080 /* Products */ = {
			isa = PBXGroup;
			children = (
				C618EF6118CCEBDE00B15080 /* Test.app */,
				C618EF8518CCEBDE00B15080 /* TestTests.xctest */,
			);
			name = Products;
			sourceTree = "<group>";
		};
		C618EF6318CCEBDE00B15080 /* Frameworks */ = {
			isa = PBXGroup;
			children = (
				C618EF6418CCEBDE00B15080 /* Foundation.framework */,
				C618EF6618CCEBDE00B15080 /* CoreGraphics.framework */,
				C618EF6818CCEBDE00B15080 /* UIKit.framework */,
				C618EF8618CCEBDE00B15080 /* XCTest.framework */,
			);
			name = Frameworks;
			sourceTree = "<group>";
		};
		C618EF6A18CCEBDE00B15080 /* Test */ = {
			isa = PBXGroup;
			children = (
				C618EF7318CCEBDE00B15080 /* AppDelegate.h */,
				C618EF7418CCEBDE00B15080 /* AppDelegate.m */,
				C618EF7618CCEBDE00B15080 /* Main_iPhone.storyboard */,
				C618EF7918CCEBDE00B15080 /* Main_iPad.storyboard */,
				C618EF7C18CCEBDE00B15080 /* ViewController.h */,
				C618EF7D18CCEBDE00B15080 /* ViewController.m */,
				C618EF7F18CCEBDE00B15080 /* Images.xcassets */,
				C618EF6B18CCEBDE00B15080 /* Supporting Files */,
			);
			path = Test;
			sourceTree = "<group>";
		};
		C618EF6B18CCEBDE00B15080 /* Supporting Files */ = {
			isa = PBXGroup;
			children = (
				C618EF6C18CCEBDE00B15080 /* Test-Info.plist */,
				C618EF6D18CCEBDE00B15080 /* InfoPlist.strings */,
				C618EF7018CCEBDE00B15080 /* main.m */,
				C618EF7218CCEBDE00B15080 /* Test-Prefix.pch */,
			);
			name = "Supporting Files";
			sourceTree = "<group>";
		};
		C618EF8C18CCEBDE00B15080 /* TestTests */ = {
			isa = PBXGroup;
			children = (
				C618EF9218CCEBDE00B15080 /* TestTests.m */,
				C618EF8D18CCEBDE00B15080 /* Supporting Files */,
			);
			path = TestTests;
			sourceTree = "<group>";
		};
		C618EF8D18CCEBDE00B15080 /* Supporting Files */ = {
			isa = PBXGroup;
			children = (
				C618EF8E18CCEBDE00B15080 /* TestTests-Info.plist */,
				C618EF8F18CCEBDE00B15080 /* InfoPlist.strings */,
			);
			name = "Supporting Files";
			sourceTree = "<group>";
		};
/* End PBXGroup section */

/* Begin PBXNativeTarget section */
		C618EF6018CCEBDE00B15080 /* Test */ = {
			isa = PBXNativeTarget;
			buildConfigurationList = C618EF9618CCEBDE00B15080 /* Build configuration list for PBXNativeTarget "Test" */;
			buildPhases = (
				C618EF5D18CCEBDE00B15080 /* Sources */,
				C618EF5E18CCEBDE00B15080 /* Frameworks */,
				C618EF5F18CCEBDE00B15080 /* Resources */,
			);
			buildRules = (
			);
			dependencies = (
			);
			name = Test;
			productName = Test;
			productReference = C618EF6118CCEBDE00B15080 /* Test.app */;
			productType = "com.apple.product-type.application";
		};
		C618EF8418CCEBDE00B15080 /* TestTests */ = {
			isa = PBXNativeTarget;
			buildConfigurationList = C618EF9918CCEBDE00B15080 /* Build configuration list for PBXNativeTarget "TestTests" */;
			buildPhases = (
				C618EF8118CCEBDE00B15080 /* Sources */,
				C618EF8218CCEBDE00B15080 /* Frameworks */,
				C618EF8318CCEBDE00B15080 /* Resources */,
			);
			buildRules = (
			);
			dependencies = (
				C618EF8B18CCEBDE00B15080 /* PBXTargetDependency */,
			);
			name = TestTests;
			productName = TestTests;
			productReference = C618EF8518CCEBDE00B15080 /* TestTests.xctest */;
			productType = "com.apple.product-type.bundle.unit-test";
		};
/* End PBXNativeTarget section */

/* Begin PBXProject section */
		C618EF5918CCEBDE00B15080 /* Project object */ = {
			isa = PBXProject;
			attributes = {
				LastUpgradeCheck = 0500;
				ORGANIZATIONNAME = "Sumit Kumar";
				TargetAttributes = {
					C618EF8418CCEBDE00B15080 = {
						TestTargetID = C618EF6018CCEBDE00B15080;
					};
				};
			};
			buildConfigurationList = C618EF5C18CCEBDE00B15080 /* Build configuration list for PBXProject "Test" */;
			compatibilityVersion = "Xcode 3.2";
			developmentRegion = English;
			hasScannedForEncodings = 0;
			knownRegions = (
				en,
				Base,
			);
			mainGroup = C618EF5818CCEBDE00B15080;
			productRefGroup = C618EF6218CCEBDE00B15080 /* Products */;
			projectDirPath = "";
			projectRoot = "";
			targets = (
				C618EF6018CCEBDE00B15080 /* Test */,
				C618EF8418CCEBDE00B15080 /* TestTests */,
			);
		};
/* End PBXProject section */

/* Begin PBXResourcesBuildPhase section */
		C618EF5F18CCEBDE00B15080 /* Resources */ = {
			isa = PBXResourcesBuildPhase;
			buildActionMask = 2147483647;
			files = (
				C618EF7B18CCEBDE00B15080 /* Main_iPad.storyboard in Resources */,
				C618EF8018CCEBDE00B15080 /* Images.xcassets in Resources */,
				C618EF7818CCEBDE00B15080 /* Main_iPhone.storyboard in Resources */,
				C618EF6F18CCEBDE00B15080 /* InfoPlist.strings in Resources */,
			);
			runOnlyForDeploymentPostprocessing = 0;
		};
		C618EF8318CCEBDE00B15080 /* Resources */ = {
			isa = PBXResourcesBuildPhase;
			buildActionMask = 2147483647;
			files = (
				C618EF9118CCEBDE00B15080 /* InfoPlist.strings in Resources */,
			);
			runOnlyForDeploymentPostprocessing = 0;
		};
/* End PBXResourcesBuildPhase section */

/* Begin PBXSourcesBuildPhase section */
		C618EF5D18CCEBDE00B15080 /* Sources */ = {
			isa = PBXSourcesBuildPhase;
			buildActionMask = 2147483647;
			files = (
				C618EF7E18CCEBDE00B15080 /* ViewController.m in Sources */,
				C618EF7518CCEBDE00B15080 /* AppDelegate.m in Sources */,
				C618EF7118CCEBDE00B15080 /* main.m in Sources */,
			);
			runOnlyForDeploymentPostprocessing = 0;
		};
		C618EF8118CCEBDE00B15080 /* Sources */ = {
			isa = PBXSourcesBuildPhase;
			buildActionMask = 2147483647;
			files = (
				C618EF9318CCEBDE00B15080 /* TestTests.m in Sources */,
			);
			runOnlyForDeploymentPostprocessing = 0;
		};
/* End PBXSourcesBuildPhase section */

/* Begin PBXTargetDependency section */
		C618EF8B18CCEBDE00B15080 /* PBXTargetDependency */ = {
			isa = PBXTargetDependency;
			target = C618EF6018CCEBDE00B15080 /* Test */;
			targetProxy = C618EF8A18CCEBDE00B15080 /* PBXContainerItemProxy */;
		};
/* End PBXTargetDependency section */

/* Begin PBXVariantGroup section */
		C618EF6D18CCEBDE00B15080 /* InfoPlist.strings */ = {
			isa = PBXVariantGroup;
			children = (
				C618EF6E18CCEBDE00B15080 /* en */,
			);
			name = InfoPlist.strings;
			sourceTree = "<group>";
		};
		C618EF7618CCEBDE00B15080 /* Main_iPhone.storyboard */ = {
			isa = PBXVariantGroup;
			children = (
				C618EF7718CCEBDE00B15080 /* Base */,
			);
			name = Main_iPhone.storyboard;
			sourceTree = "<group>";
		};
		C618EF7918CCEBDE00B15080 /* Main_iPad.storyboard */ = {
			isa = PBXVariantGroup;
			children = (
				C618EF7A18CCEBDE00B15080 /* Base */,
			);
			name = Main_iPad.storyboard;
			sourceTree = "<group>";
		};
		C618EF8F18CCEBDE00B15080 /* InfoPlist.strings */ = {
			isa = PBXVariantGroup;
			children = (
				C618EF9018CCEBDE00B15080 /* en */,
			);
			name = InfoPlist.strings;
			sourceTree = "<group>";
		};
/* End PBXVariantGroup section */

/* Begin XCBuildConfiguration section */
		C618EF9418CCEBDE00B15080 /* Debug */ = {
			isa = XCBuildConfiguration;
			buildSettings = {
				ALWAYS_SEARCH_USER_PATHS = NO;
				ARCHS = "$(ARCHS_STANDARD_INCLUDING_64_BIT)";
				CLANG_CXX_LANGUAGE_STANDARD = "gnu++0x";
				CLANG_CXX_LIBRARY = "libc++";
				CLANG_ENABLE_MODULES = YES;
				CLANG_ENABLE_OBJC_ARC = YES;
				CLANG_WARN_BOOL_CONVERSION = YES;
				CLANG_WARN_CONSTANT_CONVERSION = YES;
				CLANG_WARN_DIRECT_OBJC_ISA_USAGE = YES_ERROR;
				CLANG_WARN_EMPTY_BODY = YES;
				CLANG_WARN_ENUM_CONVERSION = YES;
				CLANG_WARN_INT_CONVERSION = YES;
				CLANG_WARN_OBJC_ROOT_CLASS = YES_ERROR;
				CLANG_WARN__DUPLICATE_METHOD_MATCH = YES;
				"CODE_SIGN_IDENTITY[sdk=iphoneos*]" = "iPhone Developer";
				COPY_PHASE_STRIP = NO;
				GCC_C_LANGUAGE_STANDARD = gnu99;
				GCC_DYNAMIC_NO_PIC = NO;
				GCC_OPTIMIZATION_LEVEL = 0;
				GCC_PREPROCESSOR_DEFINITIONS = (
					"DEBUG=1",
					"$(inherited)",
				);
				GCC_SYMBOLS_PRIVATE_EXTERN = NO;
				GCC_WARN_64_TO_32_BIT_CONVERSION = YES;
				GCC_WARN_ABOUT_RETURN_TYPE = YES_ERROR;
				GCC_WARN_UNDECLARED_SELECTOR = YES;
				GCC_WARN_UNINITIALIZED_AUTOS = YES;
				GCC_WARN_UNUSED_FUNCTION = YES;
				GCC_WARN_UNUSED_VARIABLE = YES;
				IPHONEOS_DEPLOYMENT_TARGET = 7.0;
				ONLY_ACTIVE_ARCH = YES;
				SDKROOT = iphoneos;
				TARGETED_DEVICE_FAMILY = "1,2";
			};
			name = Debug;
		};
		C618EF9518CCEBDE00B15080 /* Release */ = {
			isa = XCBuildConfiguration;
			buildSettings = {
				ALWAYS_SEARCH_USER_PATHS = NO;
				ARCHS = "$(ARCHS_STANDARD_INCLUDING_64_BIT)";
				CLANG_CXX_LANGUAGE_STANDARD = "gnu++0x";
				CLANG_CXX_LIBRARY = "libc++";
				CLANG_ENABLE_MODULES = YES;
				CLANG_ENABLE_OBJC_ARC = YES;
				CLANG_WARN_BOOL_CONVERSION = YES;
				CLANG_WARN_CONSTANT_CONVERSION = YES;
				CLANG_WARN_DIRECT_OBJC_ISA_USAGE = YES_ERROR;
				CLANG_WARN_EMPTY_BODY = YES;
				CLANG_WARN_ENUM_CONVERSION = YES;
				CLANG_WARN_INT_CONVERSION = YES;
				CLANG_WARN_OBJC_ROOT_CLASS = YES_ERROR;
				CLANG_WARN__DUPLICATE_METHOD_MATCH = YES;
				"CODE_SIGN_IDENTITY[sdk=iphoneos*]" = "iPhone Developer";
				COPY_PHASE_STRIP = YES;
				ENABLE_NS_ASSERTIONS = NO;
				GCC_C_LANGUAGE_STANDARD = gnu99;
				GCC_WARN_64_TO_32_BIT_CONVERSION = YES;
				GCC_WARN_ABOUT_RETURN_TYPE = YES_ERROR;
				GCC_WARN_UNDECLARED_SELECTOR = YES;
				GCC_WARN_UNINITIALIZED_AUTOS = YES;
				GCC_WARN_UNUSED_FUNCTION = YES;
				GCC_WARN_UNUSED_VARIABLE = YES;
				IPHONEOS_DEPLOYMENT_TARGET = 7.0;
				SDKROOT = iphoneos;
				TARGETED_DEVICE_FAMILY = "1,2";
				VALIDATE_PRODUCT = YES;
			};
			name = Release;
		};
		C618EF9718CCEBDE00B15080 /* Debug */ = {
			isa = XCBuildConfiguration;
			buildSettings = {
				ASSETCATALOG_COMPILER_APPICON_NAME = AppIcon;
				ASSETCATALOG_COMPILER_LAUNCHIMAGE_NAME = LaunchImage;
				GCC_PRECOMPILE_PREFIX_HEADER = YES;
				GCC_PREFIX_HEADER = "Test/Test-Prefix.pch";
				INFOPLIST_FILE = "Test/Test-Info.plist";
				PRODUCT_NAME = "$(TARGET_NAME)";
				WRAPPER_EXTENSION = app;
			};
			name = Debug;
		};
		C618EF9818CCEBDE00B15080 /* Release */ = {
			isa = XCBuildConfiguration;
			buildSettings = {
				ASSETCATALOG_COMPILER_APPICON_NAME = AppIcon;
				ASSETCATALOG_COMPILER_LAUNCHIMAGE_NAME = LaunchImage;
				GCC_PRECOMPILE_PREFIX_HEADER = YES;
				GCC_PREFIX_HEADER = "Test/Test-Prefix.pch";
				INFOPLIST_FILE = "Test/Test-Info.plist";
				PRODUCT_NAME = "$(TARGET_NAME)";
				WRAPPER_EXTENSION = app;
			};
			name = Release;
		};
		C618EF9A18CCEBDE00B15080 /* Debug */ = {
			isa = XCBuildConfiguration;
			buildSettings = {
				ARCHS = "$(ARCHS_STANDARD_INCLUDING_64_BIT)";
				BUNDLE_LOADER = "$(BUILT_PRODUCTS_DIR)/Test.app/Test";
				FRAMEWORK_SEARCH_PATHS = (
					"$(SDKROOT)/Developer/Library/Frameworks",
					"$(inherited)",
					"$(DEVELOPER_FRAMEWORKS_DIR)",
				);
				GCC_PRECOMPILE_PREFIX_HEADER = YES;
				GCC_PREFIX_HEADER = "Test/Test-Prefix.pch";
				GCC_PREPROCESSOR_DEFINITIONS = (
					"DEBUG=1",
					"$(inherited)",
				);
				INFOPLIST_FILE = "TestTests/TestTests-Info.plist";
				PRODUCT_NAME = "$(TARGET_NAME)";
				TEST_HOST = "$(BUNDLE_LOADER)";
				WRAPPER_EXTENSION = xctest;
			};
			name = Debug;
		};
		C618EF9B18CCEBDE00B15080 /* Release */ = {
			isa = XCBuildConfiguration;
			buildSettings = {
				ARCHS = "$(ARCHS_STANDARD_INCLUDING_64_BIT)";
				BUNDLE_LOADER = "$(BUILT_PRODUCTS_DIR)/Test.app/Test";
				FRAMEWORK_SEARCH_PATHS = (
					"$(SDKROOT)/Developer/Library/Frameworks",
					"$(inherited)",
					"$(DEVELOPER_FRAMEWORKS_DIR)",
				);
				GCC_PRECOMPILE_PREFIX_HEADER = YES;
				GCC_PREFIX_HEADER = "Test/Test-Prefix.pch";
				INFOPLIST_FILE = "TestTests/TestTests-Info.plist";
				PRODUCT_NAME = "$(TARGET_NAME)";
				TEST_HOST = "$(BUNDLE_LOADER)";
				WRAPPER_EXTENSION = xctest;
			};
			name = Release;
		};
/* End XCBuildConfiguration section */

/* Begin XCConfigurationList section */
		C618EF5C18CCEBDE00B15080 /* Build configuration list for PBXProject "Test" */ = {
			isa = XCConfigurationList;
			buildConfigurations = (
				C618EF9418CCEBDE00B15080 /* Debug */,
				C618EF9518CCEBDE00B15080 /* Release */,
			);
			defaultConfigurationIsVisible = 0;
			defaultConfigurationName = Release;
		};
		C618EF9618CCEBDE00B15080 /* Build configuration list for PBXNativeTarget "Test" */ = {
			isa = XCConfigurationList;
			buildConfigurations = (
				C618EF9718CCEBDE00B15080 /* Debug */,
				C618EF9818CCEBDE00B15080 /* Release */,
			);
			defaultConfigurationIsVisible = 0;
		};
		C618EF9918CCEBDE00B15080 /* Build configuration list for PBXNativeTarget "TestTests" */ = {
			isa = XCConfigurationList;
			buildConfigurations = (
				C618EF9A18CCEBDE00B15080 /* Debug */,
				C618EF9B18CCEBDE00B15080 /* Release */,
			);
			defaultConfigurationIsVisible = 0;
		};
/* End XCConfigurationList section */
	};
	rootObject = C618EF5918CCEBDE00B15080 /* Project object */;
}
